
Microsoft Visual Studio Solution File, Format Version 12.00
# Visual Studio Version 17
VisualStudioVersion = 17.5.002.0
MinimumVisualStudioVersion = 10.0.40219.1
Project("{2150E333-8FDC-42A3-9474-1A3956D46DE8}") = "_SolutionItems", "_SolutionItems", "{99D07580-0BAE-48E3-AF82-DF3E3B5480D2}"
	ProjectSection(SolutionItems) = preProject
		LICENSE = LICENSE
		README.MD = README.MD
	EndProjectSection
EndProject
Project("{9A19103F-16F7-4668-BE54-9A1E7A4F7556}") = "BlazorSortableList", "BlazorSortableList.Lib\BlazorSortableList.csproj", "{E4E982DD-2DA2-413A-AD78-F75DAA7C6FBC}"
EndProject
Project("{9A19103F-16F7-4668-BE54-9A1E7A4F7556}") = "BlazorSortableList.DemoAppNet7", "BlazorSortableList.DemoAppNet7\BlazorSortableList.DemoAppNet7.csproj", "{5A1B8983-38B0-4F5A-ADCC-4FC35E8C031F}"
EndProject
Project("{FAE04EC0-301F-11D3-BF4B-00C04F79EFBC}") = "BlazorSortableList.DemoApp", "BlazorSortableList.DemoApp\BlazorSortableList.DemoApp\BlazorSortableList.DemoApp.csproj", "{0A827EED-4B7C-4A8D-A352-11D265A299F1}"
EndProject
Project("{FAE04EC0-301F-11D3-BF4B-00C04F79EFBC}") = "BlazorSortableList.DemoApp.Client", "BlazorSortableList.DemoApp\BlazorSortableList.DemoApp.Client\BlazorSortableList.DemoApp.Client.csproj", "{DDBD9CF5-2716-4625-94FF-123FF347461C}"
EndProject
Project("{2150E333-8FDC-42A3-9474-1A3956D46DE8}") = "Library", "Library", "{6C4D0420-3E08-4BC1-814D-C84B36B84AE2}"
EndProject
Project("{2150E333-8FDC-42A3-9474-1A3956D46DE8}") = "Demo", "Demo", "{FCF2FCEA-05AA-41C4-A4B9-C303671282A4}"
EndProject
Global
	GlobalSection(SolutionConfigurationPlatforms) = preSolution
		Debug|Any CPU = Debug|Any CPU
		Release|Any CPU = Release|Any CPU
	EndGlobalSection
	GlobalSection(ProjectConfigurationPlatforms) = postSolution
		{E4E982DD-2DA2-413A-AD78-F75DAA7C6FBC}.Debug|Any CPU.ActiveCfg = Debug|Any CPU
		{E4E982DD-2DA2-413A-AD78-F75DAA7C6FBC}.Debug|Any CPU.Build.0 = Debug|Any CPU
		{E4E982DD-2DA2-413A-AD78-F75DAA7C6FBC}.Release|Any CPU.ActiveCfg = Release|Any CPU
		{E4E982DD-2DA2-413A-AD78-F75DAA7C6FBC}.Release|Any CPU.Build.0 = Release|Any CPU
		{5A1B8983-38B0-4F5A-ADCC-4FC35E8C031F}.Debug|Any CPU.ActiveCfg = Debug|Any CPU
		{5A1B8983-38B0-4F5A-ADCC-4FC35E8C031F}.Debug|Any CPU.Build.0 = Debug|Any CPU
		{5A1B8983-38B0-4F5A-ADCC-4FC35E8C031F}.Release|Any CPU.ActiveCfg = Release|Any CPU
		{5A1B8983-38B0-4F5A-ADCC-4FC35E8C031F}.Release|Any CPU.Build.0 = Release|Any CPU
		{0A827EED-4B7C-4A8D-A352-11D265A299F1}.Debug|Any CPU.ActiveCfg = Debug|Any CPU
		{0A827EED-4B7C-4A8D-A352-11D265A299F1}.Debug|Any CPU.Build.0 = Debug|Any CPU
		{0A827EED-4B7C-4A8D-A352-11D265A299F1}.Release|Any CPU.ActiveCfg = Release|Any CPU
		{0A827EED-4B7C-4A8D-A352-11D265A299F1}.Release|Any CPU.Build.0 = Release|Any CPU
		{DDBD9CF5-2716-4625-94FF-123FF347461C}.Debug|Any CPU.ActiveCfg = Debug|Any CPU
		{DDBD9CF5-2716-4625-94FF-123FF347461C}.Debug|Any CPU.Build.0 = Debug|Any CPU
		{DDBD9CF5-2716-4625-94FF-123FF347461C}.Release|Any CPU.ActiveCfg = Release|Any CPU
		{DDBD9CF5-2716-4625-94FF-123FF347461C}.Release|Any CPU.Build.0 = Release|Any CPU
	EndGlobalSection
	GlobalSection(SolutionProperties) = preSolution
		HideSolutionNode = FALSE
	EndGlobalSection
	GlobalSection(NestedProjects) = preSolution
		{E4E982DD-2DA2-413A-AD78-F75DAA7C6FBC} = {6C4D0420-3E08-4BC1-814D-C84B36B84AE2}
		{5A1B8983-38B0-4F5A-ADCC-4FC35E8C031F} = {FCF2FCEA-05AA-41C4-A4B9-C303671282A4}
		{0A827EED-4B7C-4A8D-A352-11D265A299F1} = {FCF2FCEA-05AA-41C4-A4B9-C303671282A4}
		{DDBD9CF5-2716-4625-94FF-123FF347461C} = {FCF2FCEA-05AA-41C4-A4B9-C303671282A4}
	EndGlobalSection
	GlobalSection(ExtensibilityGlobals) = postSolution
		SolutionGuid = {8BC5FBD3-9B58-42CE-A559-156D5A0D0791}
	EndGlobalSection
EndGlobal
